
Microsoft Visual Studio Solution File, Format Version 12.00
# Visual Studio Version 16
VisualStudioVersion = 16.0.30204.135
MinimumVisualStudioVersion = 10.0.40219.1
Project("{9A19103F-16F7-4668-BE54-9A1E7A4F7556}") = "Soennecken.StringMatching.Server", "Soennecken.StringMatching\Server\Soennecken.StringMatching.Server.csproj", "{CDCA8F20-1270-4193-BBEF-DB2BB12B9D0A}"
EndProject
Project("{9A19103F-16F7-4668-BE54-9A1E7A4F7556}") = "Soennecken.StringMatching.Client", "Soennecken.StringMatching\Client\Soennecken.StringMatching.Client.csproj", "{9E4AE62E-9F5A-4586-9376-B3A0B53096A8}"
EndProject
Project("{9A19103F-16F7-4668-BE54-9A1E7A4F7556}") = "Soennecken.StringMatching.Shared", "Soennecken.StringMatching\Shared\Soennecken.StringMatching.Shared.csproj", "{9FF9BBF5-87B8-4BAF-8E8C-F8AB298AF792}"
EndProject
Global
	GlobalSection(SolutionConfigurationPlatforms) = preSolution
		Debug|Any CPU = Debug|Any CPU
		Release|Any CPU = Release|Any CPU
	EndGlobalSection
	GlobalSection(ProjectConfigurationPlatforms) = postSolution
		{CDCA8F20-1270-4193-BBEF-DB2BB12B9D0A}.Debug|Any CPU.ActiveCfg = Debug|Any CPU
		{CDCA8F20-1270-4193-BBEF-DB2BB12B9D0A}.Debug|Any CPU.Build.0 = Debug|Any CPU
		{CDCA8F20-1270-4193-BBEF-DB2BB12B9D0A}.Release|Any CPU.ActiveCfg = Release|Any CPU
		{CDCA8F20-1270-4193-BBEF-DB2BB12B9D0A}.Release|Any CPU.Build.0 = Release|Any CPU
		{9E4AE62E-9F5A-4586-9376-B3A0B53096A8}.Debug|Any CPU.ActiveCfg = Debug|Any CPU
		{9E4AE62E-9F5A-4586-9376-B3A0B53096A8}.Debug|Any CPU.Build.0 = Debug|Any CPU
		{9E4AE62E-9F5A-4586-9376-B3A0B53096A8}.Release|Any CPU.ActiveCfg = Release|Any CPU
		{9E4AE62E-9F5A-4586-9376-B3A0B53096A8}.Release|Any CPU.Build.0 = Release|Any CPU
		{9FF9BBF5-87B8-4BAF-8E8C-F8AB298AF792}.Debug|Any CPU.ActiveCfg = Debug|Any CPU
		{9FF9BBF5-87B8-4BAF-8E8C-F8AB298AF792}.Debug|Any CPU.Build.0 = Debug|Any CPU
		{9FF9BBF5-87B8-4BAF-8E8C-F8AB298AF792}.Release|Any CPU.ActiveCfg = Release|Any CPU
		{9FF9BBF5-87B8-4BAF-8E8C-F8AB298AF792}.Release|Any CPU.Build.0 = Release|Any CPU
	EndGlobalSection
	GlobalSection(SolutionProperties) = preSolution
		HideSolutionNode = FALSE
	EndGlobalSection
	GlobalSection(ExtensibilityGlobals) = postSolution
		SolutionGuid = {29D37625-60C7-41A5-AEFB-DCB4592FD8E1}
	EndGlobalSection
EndGlobal
